// !$*UTF8*$!
{
	archiveVersion = 1;
	classes = {
	};
	objectVersion = 55;
	objects = {

/* Begin PBXBuildFile section */
		AAB0DF1227E4DABF00C72748 /* AppDelegate.swift in Sources */ = {isa = PBXBuildFile; fileRef = AAB0DF1127E4DABF00C72748 /* AppDelegate.swift */; };
		AAB0DF1427E4DABF00C72748 /* SceneDelegate.swift in Sources */ = {isa = PBXBuildFile; fileRef = AAB0DF1327E4DABF00C72748 /* SceneDelegate.swift */; };
		AAB0DF1627E4DABF00C72748 /* ViewController.swift in Sources */ = {isa = PBXBuildFile; fileRef = AAB0DF1527E4DABF00C72748 /* ViewController.swift */; };
		AAB0DF1927E4DABF00C72748 /* Main.storyboard in Resources */ = {isa = PBXBuildFile; fileRef = AAB0DF1727E4DABF00C72748 /* Main.storyboard */; };
		AAB0DF1B27E4DAC200C72748 /* Assets.xcassets in Resources */ = {isa = PBXBuildFile; fileRef = AAB0DF1A27E4DAC200C72748 /* Assets.xcassets */; };
		AAB0DF1E27E4DAC200C72748 /* LaunchScreen.storyboard in Resources */ = {isa = PBXBuildFile; fileRef = AAB0DF1C27E4DAC200C72748 /* LaunchScreen.storyboard */; };
		AAB0DF2727E5E6B500C72748 /* Entry.storyboard in Resources */ = {isa = PBXBuildFile; fileRef = AAB0DF2527E5E6B500C72748 /* Entry.storyboard */; };
		AAB0DF2927E5EE5B00C72748 /* EntryViewController.swift in Sources */ = {isa = PBXBuildFile; fileRef = AAB0DF2827E5EE5B00C72748 /* EntryViewController.swift */; };
/* End PBXBuildFile section */

/* Begin PBXFileReference section */
		AAB0DF0E27E4DABF00C72748 /* SpaceQuiz.app */ = {isa = PBXFileReference; explicitFileType = wrapper.application; includeInIndex = 0; path = SpaceQuiz.app; sourceTree = BUILT_PRODUCTS_DIR; };
		AAB0DF1127E4DABF00C72748 /* AppDelegate.swift */ = {isa = PBXFileReference; lastKnownFileType = sourcecode.swift; path = AppDelegate.swift; sourceTree = "<group>"; };
		AAB0DF1327E4DABF00C72748 /* SceneDelegate.swift */ = {isa = PBXFileReference; lastKnownFileType = sourcecode.swift; path = SceneDelegate.swift; sourceTree = "<group>"; };
		AAB0DF1527E4DABF00C72748 /* ViewController.swift */ = {isa = PBXFileReference; lastKnownFileType = sourcecode.swift; path = ViewController.swift; sourceTree = "<group>"; };
		AAB0DF1827E4DABF00C72748 /* Base */ = {isa = PBXFileReference; lastKnownFileType = file.storyboard; name = Base; path = Base.lproj/Main.storyboard; sourceTree = "<group>"; };
		AAB0DF1A27E4DAC200C72748 /* Assets.xcassets */ = {isa = PBXFileReference; lastKnownFileType = folder.assetcatalog; path = Assets.xcassets; sourceTree = "<group>"; };
		AAB0DF1D27E4DAC200C72748 /* Base */ = {isa = PBXFileReference; lastKnownFileType = file.storyboard; name = Base; path = Base.lproj/LaunchScreen.storyboard; sourceTree = "<group>"; };
		AAB0DF1F27E4DAC200C72748 /* Info.plist */ = {isa = PBXFileReference; lastKnownFileType = text.plist.xml; path = Info.plist; sourceTree = "<group>"; };
		AAB0DF2627E5E6B500C72748 /* Base */ = {isa = PBXFileReference; lastKnownFileType = file.storyboard; name = Base; path = SpaceQuiz/Base.lproj/Entry.storyboard; sourceTree = "<group>"; };
		AAB0DF2827E5EE5B00C72748 /* EntryViewController.swift */ = {isa = PBXFileReference; lastKnownFileType = sourcecode.swift; path = EntryViewController.swift; sourceTree = "<group>"; };
/* End PBXFileReference section */

/* Begin PBXFrameworksBuildPhase section */
		AAB0DF0B27E4DABF00C72748 /* Frameworks */ = {
			isa = PBXFrameworksBuildPhase;
			buildActionMask = 2147483647;
			files = (
			);
			runOnlyForDeploymentPostprocessing = 0;
		};
/* End PBXFrameworksBuildPhase section */

/* Begin PBXGroup section */
		AAB0DF0527E4DABF00C72748 = {
			isa = PBXGroup;
			children = (
				AAB0DF1027E4DABF00C72748 /* SpaceQuiz */,
				AAB0DF0F27E4DABF00C72748 /* Products */,
			);
			sourceTree = "<group>";
		};
		AAB0DF0F27E4DABF00C72748 /* Products */ = {
			isa = PBXGroup;
			children = (
				AAB0DF0E27E4DABF00C72748 /* SpaceQuiz.app */,
			);
			name = Products;
			sourceTree = "<group>";
		};
		AAB0DF1027E4DABF00C72748 /* SpaceQuiz */ = {
			isa = PBXGroup;
			children = (
				AAB0DF1127E4DABF00C72748 /* AppDelegate.swift */,
				AAB0DF1327E4DABF00C72748 /* SceneDelegate.swift */,
				AAB0DF1527E4DABF00C72748 /* ViewController.swift */,
				AAB0DF2527E5E6B500C72748 /* Entry.storyboard */,
				AAB0DF2827E5EE5B00C72748 /* EntryViewController.swift */,
				AAB0DF1727E4DABF00C72748 /* Main.storyboard */,
				AAB0DF1A27E4DAC200C72748 /* Assets.xcassets */,
				AAB0DF1C27E4DAC200C72748 /* LaunchScreen.storyboard */,
				AAB0DF1F27E4DAC200C72748 /* Info.plist */,
			);
			path = SpaceQuiz;
			sourceTree = "<group>";
		};
/* End PBXGroup section */

/* Begin PBXNativeTarget section */
		AAB0DF0D27E4DABF00C72748 /* SpaceQuiz */ = {
			isa = PBXNativeTarget;
			buildConfigurationList = AAB0DF2227E4DAC200C72748 /* Build configuration list for PBXNativeTarget "SpaceQuiz" */;
			buildPhases = (
				AAB0DF0A27E4DABF00C72748 /* Sources */,
				AAB0DF0B27E4DABF00C72748 /* Frameworks */,
				AAB0DF0C27E4DABF00C72748 /* Resources */,
			);
			buildRules = (
			);
			dependencies = (
			);
			name = SpaceQuiz;
			productName = SpaceQuiz;
			productReference = AAB0DF0E27E4DABF00C72748 /* SpaceQuiz.app */;
			productType = "com.apple.product-type.application";
		};
/* End PBXNativeTarget section */

/* Begin PBXProject section */
		AAB0DF0627E4DABF00C72748 /* Project object */ = {
			isa = PBXProject;
			attributes = {
				BuildIndependentTargetsInParallel = 1;
				LastSwiftUpdateCheck = 1300;
				LastUpgradeCheck = 1300;
				TargetAttributes = {
					AAB0DF0D27E4DABF00C72748 = {
						CreatedOnToolsVersion = 13.0;
					};
				};
			};
			buildConfigurationList = AAB0DF0927E4DABF00C72748 /* Build configuration list for PBXProject "SpaceQuiz" */;
			compatibilityVersion = "Xcode 13.0";
			developmentRegion = en;
			hasScannedForEncodings = 0;
			knownRegions = (
				en,
				Base,
			);
			mainGroup = AAB0DF0527E4DABF00C72748;
			productRefGroup = AAB0DF0F27E4DABF00C72748 /* Products */;
			projectDirPath = "";
			projectRoot = "";
			targets = (
				AAB0DF0D27E4DABF00C72748 /* SpaceQuiz */,
			);
		};
/* End PBXProject section */

/* Begin PBXResourcesBuildPhase section */
		AAB0DF0C27E4DABF00C72748 /* Resources */ = {
			isa = PBXResourcesBuildPhase;
			buildActionMask = 2147483647;
			files = (
				AAB0DF1E27E4DAC200C72748 /* LaunchScreen.storyboard in Resources */,
				AAB0DF2727E5E6B500C72748 /* Entry.storyboard in Resources */,
				AAB0DF1B27E4DAC200C72748 /* Assets.xcassets in Resources */,
				AAB0DF1927E4DABF00C72748 /* Main.storyboard in Resources */,
			);
			runOnlyForDeploymentPostprocessing = 0;
		};
/* End PBXResourcesBuildPhase section */

/* Begin PBXSourcesBuildPhase section */
		AAB0DF0A27E4DABF00C72748 /* Sources */ = {
			isa = PBXSourcesBuildPhase;
			buildActionMask = 2147483647;
			files = (
				AAB0DF1627E4DABF00C72748 /* ViewController.swift in Sources */,
				AAB0DF2927E5EE5B00C72748 /* EntryViewController.swift in Sources */,
				AAB0DF1227E4DABF00C72748 /* AppDelegate.swift in Sources */,
				AAB0DF1427E4DABF00C72748 /* SceneDelegate.swift in Sources */,
			);
			runOnlyForDeploymentPostprocessing = 0;
		};
/* End PBXSourcesBuildPhase section */

/* Begin PBXVariantGroup section */
		AAB0DF1727E4DABF00C72748 /* Main.storyboard */ = {
			isa = PBXVariantGroup;
			children = (
				AAB0DF1827E4DABF00C72748 /* Base */,
			);
			name = Main.storyboard;
			sourceTree = "<group>";
		};
		AAB0DF1C27E4DAC200C72748 /* LaunchScreen.storyboard */ = {
			isa = PBXVariantGroup;
			children = (
				AAB0DF1D27E4DAC200C72748 /* Base */,
			);
			name = LaunchScreen.storyboard;
			sourceTree = "<group>";
		};
		AAB0DF2527E5E6B500C72748 /* Entry.storyboard */ = {
			isa = PBXVariantGroup;
			children = (
				AAB0DF2627E5E6B500C72748 /* Base */,
			);
			name = Entry.storyboard;
			sourceTree = "<group>";
		};
/* End PBXVariantGroup section */

/* Begin XCBuildConfiguration section */
		AAB0DF2027E4DAC200C72748 /* Debug */ = {
			isa = XCBuildConfiguration;
			buildSettings = {
				ALWAYS_SEARCH_USER_PATHS = NO;
				CLANG_ANALYZER_NONNULL = YES;
				CLANG_ANALYZER_NUMBER_OBJECT_CONVERSION = YES_AGGRESSIVE;
				CLANG_CXX_LANGUAGE_STANDARD = "gnu++17";
				CLANG_CXX_LIBRARY = "libc++";
				CLANG_ENABLE_MODULES = YES;
				CLANG_ENABLE_OBJC_ARC = YES;
				CLANG_ENABLE_OBJC_WEAK = YES;
				CLANG_WARN_BLOCK_CAPTURE_AUTORELEASING = YES;
				CLANG_WARN_BOOL_CONVERSION = YES;
				CLANG_WARN_COMMA = YES;
				CLANG_WARN_CONSTANT_CONVERSION = YES;
				CLANG_WARN_DEPRECATED_OBJC_IMPLEMENTATIONS = YES;
				CLANG_WARN_DIRECT_OBJC_ISA_USAGE = YES_ERROR;
				CLANG_WARN_DOCUMENTATION_COMMENTS = YES;
				CLANG_WARN_EMPTY_BODY = YES;
				CLANG_WARN_ENUM_CONVERSION = YES;
				CLANG_WARN_INFINITE_RECURSION = YES;
				CLANG_WARN_INT_CONVERSION = YES;
				CLANG_WARN_NON_LITERAL_NULL_CONVERSION = YES;
				CLANG_WARN_OBJC_IMPLICIT_RETAIN_SELF = YES;
				CLANG_WARN_OBJC_LITERAL_CONVERSION = YES;
				CLANG_WARN_OBJC_ROOT_CLASS = YES_ERROR;
				CLANG_WARN_QUOTED_INCLUDE_IN_FRAMEWORK_HEADER = YES;
				CLANG_WARN_RANGE_LOOP_ANALYSIS = YES;
				CLANG_WARN_STRICT_PROTOTYPES = YES;
				CLANG_WARN_SUSPICIOUS_MOVE = YES;
				CLANG_WARN_UNGUARDED_AVAILABILITY = YES_AGGRESSIVE;
				CLANG_WARN_UNREACHABLE_CODE = YES;
				CLANG_WARN__DUPLICATE_METHOD_MATCH = YES;
				COPY_PHASE_STRIP = NO;
				DEBUG_INFORMATION_FORMAT = dwarf;
				ENABLE_STRICT_OBJC_MSGSEND = YES;
				ENABLE_TESTABILITY = YES;
				GCC_C_LANGUAGE_STANDARD = gnu11;
				GCC_DYNAMIC_NO_PIC = NO;
				GCC_NO_COMMON_BLOCKS = YES;
				GCC_OPTIMIZATION_LEVEL = 0;
				GCC_PREPROCESSOR_DEFINITIONS = (
					"DEBUG=1",
					"$(inherited)",
				);
				GCC_WARN_64_TO_32_BIT_CONVERSION = YES;
				GCC_WARN_ABOUT_RETURN_TYPE = YES_ERROR;
				GCC_WARN_UNDECLARED_SELECTOR = YES;
				GCC_WARN_UNINITIALIZED_AUTOS = YES_AGGRESSIVE;
				GCC_WARN_UNUSED_FUNCTION = YES;
				GCC_WARN_UNUSED_VARIABLE = YES;
				IPHONEOS_DEPLOYMENT_TARGET = 15.0;
				MTL_ENABLE_DEBUG_INFO = INCLUDE_SOURCE;
				MTL_FAST_MATH = YES;
				ONLY_ACTIVE_ARCH = YES;
				SDKROOT = iphoneos;
				SWIFT_ACTIVE_COMPILATION_CONDITIONS = DEBUG;
				SWIFT_OPTIMIZATION_LEVEL = "-Onone";
			};
			name = Debug;
		};
		AAB0DF2127E4DAC200C72748 /* Release */ = {
			isa = XCBuildConfiguration;
			buildSettings = {
				ALWAYS_SEARCH_USER_PATHS = NO;
				CLANG_ANALYZER_NONNULL = YES;
				CLANG_ANALYZER_NUMBER_OBJECT_CONVERSION = YES_AGGRESSIVE;
				CLANG_CXX_LANGUAGE_STANDARD = "gnu++17";
				CLANG_CXX_LIBRARY = "libc++";
				CLANG_ENABLE_MODULES = YES;
				CLANG_ENABLE_OBJC_ARC = YES;
				CLANG_ENABLE_OBJC_WEAK = YES;
				CLANG_WARN_BLOCK_CAPTURE_AUTORELEASING = YES;
				CLANG_WARN_BOOL_CONVERSION = YES;
				CLANG_WARN_COMMA = YES;
				CLANG_WARN_CONSTANT_CONVERSION = YES;
				CLANG_WARN_DEPRECATED_OBJC_IMPLEMENTATIONS = YES;
				CLANG_WARN_DIRECT_OBJC_ISA_USAGE = YES_ERROR;
				CLANG_WARN_DOCUMENTATION_COMMENTS = YES;
				CLANG_WARN_EMPTY_BODY = YES;
				CLANG_WARN_ENUM_CONVERSION = YES;
				CLANG_WARN_INFINITE_RECURSION = YES;
				CLANG_WARN_INT_CONVERSION = YES;
				CLANG_WARN_NON_LITERAL_NULL_CONVERSION = YES;
				CLANG_WARN_OBJC_IMPLICIT_RETAIN_SELF = YES;
				CLANG_WARN_OBJC_LITERAL_CONVERSION = YES;
				CLANG_WARN_OBJC_ROOT_CLASS = YES_ERROR;
				CLANG_WARN_QUOTED_INCLUDE_IN_FRAMEWORK_HEADER = YES;
				CLANG_WARN_RANGE_LOOP_ANALYSIS = YES;
				CLANG_WARN_STRICT_PROTOTYPES = YES;
				CLANG_WARN_SUSPICIOUS_MOVE = YES;
				CLANG_WARN_UNGUARDED_AVAILABILITY = YES_AGGRESSIVE;
				CLANG_WARN_UNREACHABLE_CODE = YES;
				CLANG_WARN__DUPLICATE_METHOD_MATCH = YES;
				COPY_PHASE_STRIP = NO;
				DEBUG_INFORMATION_FORMAT = "dwarf-with-dsym";
				ENABLE_NS_ASSERTIONS = NO;
				ENABLE_STRICT_OBJC_MSGSEND = YES;
				GCC_C_LANGUAGE_STANDARD = gnu11;
				GCC_NO_COMMON_BLOCKS = YES;
				GCC_WARN_64_TO_32_BIT_CONVERSION = YES;
				GCC_WARN_ABOUT_RETURN_TYPE = YES_ERROR;
				GCC_WARN_UNDECLARED_SELECTOR = YES;
				GCC_WARN_UNINITIALIZED_AUTOS = YES_AGGRESSIVE;
				GCC_WARN_UNUSED_FUNCTION = YES;
				GCC_WARN_UNUSED_VARIABLE = YES;
				IPHONEOS_DEPLOYMENT_TARGET = 15.0;
				MTL_ENABLE_DEBUG_INFO = NO;
				MTL_FAST_MATH = YES;
				SDKROOT = iphoneos;
				SWIFT_COMPILATION_MODE = wholemodule;
				SWIFT_OPTIMIZATION_LEVEL = "-O";
				VALIDATE_PRODUCT = YES;
			};
			name = Release;
		};
		AAB0DF2327E4DAC200C72748 /* Debug */ = {
			isa = XCBuildConfiguration;
			buildSettings = {
				ASSETCATALOG_COMPILER_APPICON_NAME = AppIcon;
				ASSETCATALOG_COMPILER_GLOBAL_ACCENT_COLOR_NAME = AccentColor;
				CODE_SIGN_STYLE = Automatic;
				CURRENT_PROJECT_VERSION = 1;
				DEVELOPMENT_TEAM = D69TY3U6KU;
				GENERATE_INFOPLIST_FILE = YES;
				INFOPLIST_FILE = SpaceQuiz/Info.plist;
				INFOPLIST_KEY_UIApplicationSupportsIndirectInputEvents = YES;
				INFOPLIST_KEY_UILaunchStoryboardName = LaunchScreen;
				INFOPLIST_KEY_UIMainStoryboardFile = Main;
				INFOPLIST_KEY_UISupportedInterfaceOrientations_iPad = "UIInterfaceOrientationPortrait UIInterfaceOrientationPortraitUpsideDown UIInterfaceOrientationLandscapeLeft UIInterfaceOrientationLandscapeRight";
				INFOPLIST_KEY_UISupportedInterfaceOrientations_iPhone = "UIInterfaceOrientationPortrait UIInterfaceOrientationLandscapeLeft UIInterfaceOrientationLandscapeRight";
				LD_RUNPATH_SEARCH_PATHS = (
					"$(inherited)",
					"@executable_path/Frameworks",
				);
				MARKETING_VERSION = 1.0;
				PRODUCT_BUNDLE_IDENTIFIER = developerDD.SpaceQuiz;
				PRODUCT_NAME = "$(TARGET_NAME)";
				SWIFT_EMIT_LOC_STRINGS = YES;
				SWIFT_VERSION = 5.0;
				TARGETED_DEVICE_FAMILY = "1,2";
			};
			name = Debug;
		};
		AAB0DF2427E4DAC200C72748 /* Release */ = {
			isa = XCBuildConfiguration;
			buildSettings = {
				ASSETCATALOG_COMPILER_APPICON_NAME = AppIcon;
				ASSETCATALOG_COMPILER_GLOBAL_ACCENT_COLOR_NAME = AccentColor;
				CODE_SIGN_STYLE = Automatic;
				CURRENT_PROJECT_VERSION = 1;
				DEVELOPMENT_TEAM = D69TY3U6KU;
				GENERATE_INFOPLIST_FILE = YES;
				INFOPLIST_FILE = SpaceQuiz/Info.plist;
				INFOPLIST_KEY_UIApplicationSupportsIndirectInputEvents = YES;
				INFOPLIST_KEY_UILaunchStoryboardName = LaunchScreen;
				INFOPLIST_KEY_UIMainStoryboardFile = Main;
				INFOPLIST_KEY_UISupportedInterfaceOrientations_iPad = "UIInterfaceOrientationPortrait UIInterfaceOrientationPortraitUpsideDown UIInterfaceOrientationLandscapeLeft UIInterfaceOrientationLandscapeRight";
				INFOPLIST_KEY_UISupportedInterfaceOrientations_iPhone = "UIInterfaceOrientationPortrait UIInterfaceOrientationLandscapeLeft UIInterfaceOrientationLandscapeRight";
				LD_RUNPATH_SEARCH_PATHS = (
					"$(inherited)",
					"@executable_path/Frameworks",
				);
				MARKETING_VERSION = 1.0;
				PRODUCT_BUNDLE_IDENTIFIER = developerDD.SpaceQuiz;
				PRODUCT_NAME = "$(TARGET_NAME)";
				SWIFT_EMIT_LOC_STRINGS = YES;
				SWIFT_VERSION = 5.0;
				TARGETED_DEVICE_FAMILY = "1,2";
			};
			name = Release;
		};
/* End XCBuildConfiguration section */

/* Begin XCConfigurationList section */
		AAB0DF0927E4DABF00C72748 /* Build configuration list for PBXProject "SpaceQuiz" */ = {
			isa = XCConfigurationList;
			buildConfigurations = (
				AAB0DF2027E4DAC200C72748 /* Debug */,
				AAB0DF2127E4DAC200C72748 /* Release */,
			);
			defaultConfigurationIsVisible = 0;
			defaultConfigurationName = Release;
		};
		AAB0DF2227E4DAC200C72748 /* Build configuration list for PBXNativeTarget "SpaceQuiz" */ = {
			isa = XCConfigurationList;
			buildConfigurations = (
				AAB0DF2327E4DAC200C72748 /* Debug */,
				AAB0DF2427E4DAC200C72748 /* Release */,
			);
			defaultConfigurationIsVisible = 0;
			defaultConfigurationName = Release;
		};
/* End XCConfigurationList section */
	};
	rootObject = AAB0DF0627E4DABF00C72748 /* Project object */;
}
